
Microsoft Visual Studio Solution File, Format Version 12.00
# Visual Studio Version 17
VisualStudioVersion = 17.10.35027.167
MinimumVisualStudioVersion = 10.0.40219.1
Project("{FAE04EC0-301F-11D3-BF4B-00C04F79EFBC}") = "Skinet_API", "Skinet_API\Skinet_API.csproj", "{E9C7FF64-ED61-4B20-A3F4-8C317AACDE1B}"
EndProject
Project("{FAE04EC0-301F-11D3-BF4B-00C04F79EFBC}") = "Skinet_Core", "Skinet_Core\Skinet_Core.csproj", "{07E546B9-4DB1-43FC-9F82-AA5A9897DE2D}"
EndProject
Project("{FAE04EC0-301F-11D3-BF4B-00C04F79EFBC}") = "Skinet_Infrastructure", "Skinet_Infrastructure\Skinet_Infrastructure.csproj", "{A67DE201-A528-4B8F-8DBB-2B014778AA68}"
EndProject
Global
	GlobalSection(SolutionConfigurationPlatforms) = preSolution
		Debug|Any CPU = Debug|Any CPU
		Release|Any CPU = Release|Any CPU
	EndGlobalSection
	GlobalSection(ProjectConfigurationPlatforms) = postSolution
		{E9C7FF64-ED61-4B20-A3F4-8C317AACDE1B}.Debug|Any CPU.ActiveCfg = Debug|Any CPU
		{E9C7FF64-ED61-4B20-A3F4-8C317AACDE1B}.Debug|Any CPU.Build.0 = Debug|Any CPU
		{E9C7FF64-ED61-4B20-A3F4-8C317AACDE1B}.Release|Any CPU.ActiveCfg = Release|Any CPU
		{E9C7FF64-ED61-4B20-A3F4-8C317AACDE1B}.Release|Any CPU.Build.0 = Release|Any CPU
		{07E546B9-4DB1-43FC-9F82-AA5A9897DE2D}.Debug|Any CPU.ActiveCfg = Debug|Any CPU
		{07E546B9-4DB1-43FC-9F82-AA5A9897DE2D}.Debug|Any CPU.Build.0 = Debug|Any CPU
		{07E546B9-4DB1-43FC-9F82-AA5A9897DE2D}.Release|Any CPU.ActiveCfg = Release|Any CPU
		{07E546B9-4DB1-43FC-9F82-AA5A9897DE2D}.Release|Any CPU.Build.0 = Release|Any CPU
		{A67DE201-A528-4B8F-8DBB-2B014778AA68}.Debug|Any CPU.ActiveCfg = Debug|Any CPU
		{A67DE201-A528-4B8F-8DBB-2B014778AA68}.Debug|Any CPU.Build.0 = Debug|Any CPU
		{A67DE201-A528-4B8F-8DBB-2B014778AA68}.Release|Any CPU.ActiveCfg = Release|Any CPU
		{A67DE201-A528-4B8F-8DBB-2B014778AA68}.Release|Any CPU.Build.0 = Release|Any CPU
	EndGlobalSection
	GlobalSection(SolutionProperties) = preSolution
		HideSolutionNode = FALSE
	EndGlobalSection
	GlobalSection(ExtensibilityGlobals) = postSolution
		SolutionGuid = {EE8300EB-D30C-47C7-B4D4-49404D79D5CD}
	EndGlobalSection
EndGlobal
